
Microsoft Visual Studio Solution File, Format Version 12.00
# Visual Studio Version 16
VisualStudioVersion = 16.0.30621.155
MinimumVisualStudioVersion = 10.0.40219.1
Project("{FAE04EC0-301F-11D3-BF4B-00C04F79EFBC}") = "ZeroFcksGiven", "ZeroFcksGiven.csproj", "{DF0F0FFF-53D3-403F-A5F3-BAA656BDDAAD}"
EndProject
Global
	GlobalSection(SolutionConfigurationPlatforms) = preSolution
		Debug|Any CPU = Debug|Any CPU
		Release|Any CPU = Release|Any CPU
	EndGlobalSection
	GlobalSection(ProjectConfigurationPlatforms) = postSolution
		{DF0F0FFF-53D3-403F-A5F3-BAA656BDDAAD}.Debug|Any CPU.ActiveCfg = Debug|Any CPU
		{DF0F0FFF-53D3-403F-A5F3-BAA656BDDAAD}.Debug|Any CPU.Build.0 = Debug|Any CPU
		{DF0F0FFF-53D3-403F-A5F3-BAA656BDDAAD}.Release|Any CPU.ActiveCfg = Release|Any CPU
		{DF0F0FFF-53D3-403F-A5F3-BAA656BDDAAD}.Release|Any CPU.Build.0 = Release|Any CPU
	EndGlobalSection
	GlobalSection(SolutionProperties) = preSolution
		HideSolutionNode = FALSE
	EndGlobalSection
	GlobalSection(ExtensibilityGlobals) = postSolution
		SolutionGuid = {5E670BC8-F35C-457E-B640-642A66A03EFB}
	EndGlobalSection
EndGlobal
